
Microsoft Visual Studio Solution File, Format Version 10.00
# Visual Studio 2008
Project("{E24C65DC-7377-472B-9ABA-BC803B73C61A}") = "E-Presence", "..\..\WebSites\E-Presence\", "{35F0E81C-19BC-401C-8907-D0063EBE6962}"
	ProjectSection(WebsiteProperties) = preProject
		TargetFramework = "3.5"
		Debug.AspNetCompiler.VirtualPath = "/E-Presence"
		Debug.AspNetCompiler.PhysicalPath = "..\..\WebSites\E-Presence\"
		Debug.AspNetCompiler.TargetPath = "PrecompiledWeb\E-Presence\"
		Debug.AspNetCompiler.Updateable = "true"
		Debug.AspNetCompiler.ForceOverwrite = "true"
		Debug.AspNetCompiler.FixedNames = "false"
		Debug.AspNetCompiler.Debug = "True"
		Release.AspNetCompiler.VirtualPath = "/E-Presence"
		Release.AspNetCompiler.PhysicalPath = "..\..\WebSites\E-Presence\"
		Release.AspNetCompiler.TargetPath = "PrecompiledWeb\E-Presence\"
		Release.AspNetCompiler.Updateable = "true"
		Release.AspNetCompiler.ForceOverwrite = "true"
		Release.AspNetCompiler.FixedNames = "false"
		Release.AspNetCompiler.Debug = "False"
		VWDPort = "51008"
		DefaultWebSiteLanguage = "Visual Basic"
	EndProjectSection
EndProject
Global
	GlobalSection(SolutionConfigurationPlatforms) = preSolution
		Debug|.NET = Debug|.NET
	EndGlobalSection
	GlobalSection(ProjectConfigurationPlatforms) = postSolution
		{35F0E81C-19BC-401C-8907-D0063EBE6962}.Debug|.NET.ActiveCfg = Debug|.NET
		{35F0E81C-19BC-401C-8907-D0063EBE6962}.Debug|.NET.Build.0 = Debug|.NET
	EndGlobalSection
	GlobalSection(SolutionProperties) = preSolution
		HideSolutionNode = FALSE
	EndGlobalSection
EndGlobal
